# This file is autogenerated, do not edit; changes may be undone by the next 'dep ensure'.


[[projects]]
  name = "github.com/apparentlymart/go-cidr"
  packages = ["cidr"]
  revision = "7e4b007599d4e2076d9a81be723b3912852dda2c"

[[projects]]
  name = "github.com/aws/aws-sdk-go"
  packages = [
    "aws",
    "aws/awserr",
    "aws/awsutil",
    "aws/client",
    "aws/client/metadata",
    "aws/corehandlers",
    "aws/credentials",
    "aws/credentials/ec2rolecreds",
    "aws/credentials/endpointcreds",
    "aws/credentials/stscreds",
    "aws/defaults",
    "aws/ec2metadata",
    "aws/endpoints",
    "aws/request",
    "aws/session",
    "aws/signer/v4",
    "internal/shareddefaults",
    "private/protocol",
    "private/protocol/query",
    "private/protocol/query/queryutil",
    "private/protocol/rest",
    "private/protocol/restxml",
    "private/protocol/xml/xmlutil",
    "service/s3",
    "service/sts"
  ]
  revision = "fd3328046c93cc590f296fd632a20bea94c7c4be"

[[projects]]
  branch = "master"
  name = "github.com/bgentry/go-netrc"
  packages = ["netrc"]
  revision = "9fd32a8b3d3d3f9d43c341bfe098430e07609480"

[[projects]]
  branch = "master"
  name = "github.com/dollarshaveclub/new-relic-synthetics-go"
  packages = [
    ".",
    "util"
  ]
  revision = "4dc3dd6ae8845dc78d5f23e86a1f211d4aef7daf"

[[projects]]
  name = "github.com/dollarshaveclub/terraform-provider-nrs"
  packages = ["pkg/provider"]
  revision = "863ac382cc50ef8e4684999119e092e2739d17bd"
  version = "0.1.0"

[[projects]]
  name = "github.com/go-ini/ini"
  packages = ["."]
  revision = "d3de07a94d22b4a0972deb4b96d790c2c0ce8333"
  version = "v1.28.0"

[[projects]]
  branch = "master"
  name = "github.com/hashicorp/errwrap"
  packages = ["."]
  revision = "7554cd9344cec97297fa6649b055a8c98c2a1e55"

[[projects]]
  name = "github.com/hashicorp/go-getter"
  packages = [
    ".",
    "helper/url"
  ]
  revision = "90b6568eac830f62a08e8f1f46375daa63e57015"

[[projects]]
  name = "github.com/hashicorp/go-multierror"
  packages = ["."]
  revision = "ed905158d87462226a13fe39ddf685ea65f1c11f"

[[projects]]
  name = "github.com/hashicorp/go-plugin"
  packages = ["."]
  revision = "b7d6477501c13292d71fd3b8e688269e51b028ba"

[[projects]]
  name = "github.com/hashicorp/go-uuid"
  packages = ["."]
  revision = "64130c7a86d732268a38cb04cfbaf0cc987fda98"

[[projects]]
  name = "github.com/hashicorp/go-version"
  packages = ["."]
  revision = "03c5bf6be031b6dd45afec16b1cf94fc8938bc77"

[[projects]]
  name = "github.com/hashicorp/hcl"
  packages = [
    ".",
    "hcl/ast",
    "hcl/parser",
    "hcl/scanner",
    "hcl/strconv",
    "hcl/token",
    "json/parser",
    "json/scanner",
    "json/token"
  ]
  revision = "392dba7d905ed5d04a5794ba89f558b27e2ba1ca"

[[projects]]
  name = "github.com/hashicorp/hil"
  packages = [
    ".",
    "ast",
    "parser",
    "scanner"
  ]
  revision = "fac2259da677551de1fb92b844c4d020a38d8468"

[[projects]]
  name = "github.com/hashicorp/terraform"
  packages = [
    "config",
    "config/module",
    "dag",
    "flatmap",
    "helper/experiment",
    "helper/hashcode",
    "helper/hilmapstructure",
    "helper/schema",
    "helper/shadow",
    "helper/structure",
    "helper/validation",
    "plugin",
    "terraform"
  ]
  revision = "85e0979c6af6a15345c9131e4478ba712bb3c21d"
  version = "v0.9.6"

[[projects]]
  name = "github.com/hashicorp/yamux"
  packages = ["."]
  revision = "d1caa6c97c9fc1cc9e83bbe34d0603f9ff0ce8bd"

[[projects]]
  name = "github.com/jmespath/go-jmespath"
  packages = ["."]
  revision = "bd40a432e4c76585ef6b72d3fd96fb9b6dc7b68d"

[[projects]]
  branch = "master"
  name = "github.com/mitchellh/copystructure"
  packages = ["."]
  revision = "d23ffcb85de31694d6ccaa23ccb4a03e55c1303f"

[[projects]]
  branch = "master"
  name = "github.com/mitchellh/go-homedir"
  packages = ["."]
  revision = "b8bc1bf767474819792c23f32d8286a45736f1c6"

[[projects]]
  name = "github.com/mitchellh/go-testing-interface"
  packages = ["."]
  revision = "477c2d05a845d8b55912a5a7993b9b24abcc5ef8"

[[projects]]
  name = "github.com/mitchellh/hashstructure"
  packages = ["."]
  revision = "9204ce590301a868e3e86938bc12eadd416b211e"

[[projects]]
  name = "github.com/mitchellh/mapstructure"
  packages = ["."]
  revision = "d0303fe809921458f417bcf828397a65db30a7e4"

[[projects]]
  name = "github.com/mitchellh/reflectwalk"
  packages = ["."]
  revision = "8d802ff4ae93611b807597f639c19f76074df5c6"

[[projects]]
  name = "github.com/pkg/errors"
  packages = ["."]
  revision = "645ef00459ed84a119197bfb8d8205042c6df63d"
  version = "v0.8.0"

[[projects]]
  name = "github.com/satori/go.uuid"
  packages = ["."]
  revision = "879c5887cd475cd7864858769793b2ceb0d44feb"
  version = "v1.1.0"

[solve-meta]
  analyzer-name = "dep"
  analyzer-version = 1
  inputs-digest = "01c196f3f077e501e08552b7bfb5ee019112791bab93397ba3e629043de911de"
  solver-name = "gps-cdcl"
  solver-version = 1
